<?xml version="1.0" encoding="utf-8"?>
<Project ToolsVersion="4.0" xmlns="http://schemas.microsoft.com/developer/msbuild/2003">
  <ItemGroup>
    <ClCompile Include="Example.c" />
    <ClCompile Include="Classes\Example\Example_01\E01Example_01.c">
      <Filter>Classes\Example\Example_01 %28기초%29</Filter>
    </ClCompile>
    <ClCompile Include="Classes\Training\Training_01\T01Training_01.c">
      <Filter>Classes\Training\Training_01</Filter>
    </ClCompile>
    <ClCompile Include="Classes\Example\Example_02\E01Example_02.c">
      <Filter>Classes\Example\Example_02 %28자료형%29</Filter>
    </ClCompile>
    <ClCompile Include="Classes\Training\Training_02\T01Training_02.c">
      <Filter>Classes\Training\Training_02</Filter>
    </ClCompile>
    <ClCompile Include="Classes\Example\Example_03\E01Example_03.c">
      <Filter>Classes\Example\Example_03 %28데이터 표현 방법%29</Filter>
    </ClCompile>
    <ClCompile Include="Classes\Example\Example_04\E01Example_04.c">
      <Filter>Classes\Example\Example_04 %28연산자%29</Filter>
    </ClCompile>
    <ClCompile Include="Classes\Example\Example_05\E01Example_05.c">
      <Filter>Classes\Example\Example_05 %28조건문%29</Filter>
    </ClCompile>
    <ClCompile Include="Classes\Example\Example_06\E01Example_06.c">
      <Filter>Classes\Example\Example_06 %28반복문 - 1%29</Filter>
    </ClCompile>
  </ItemGroup>
  <ItemGroup>
    <Filter Include="Classes">
      <UniqueIdentifier>{b1a1cabb-a4da-494d-b486-f0dfd759ba84}</UniqueIdentifier>
    </Filter>
    <Filter Include="Classes\Global">
      <UniqueIdentifier>{214a9d73-1a91-453e-81c4-17abad311413}</UniqueIdentifier>
    </Filter>
    <Filter Include="Classes\Global\Define">
      <UniqueIdentifier>{08e31ca4-9273-4885-b721-2dfed087d40d}</UniqueIdentifier>
    </Filter>
    <Filter Include="Classes\Example">
      <UniqueIdentifier>{03331751-379d-4614-ad83-d0173b68113c}</UniqueIdentifier>
    </Filter>
    <Filter Include="Classes\Training">
      <UniqueIdentifier>{db5b7e05-d5f3-40af-81fe-950ca3ffb165}</UniqueIdentifier>
    </Filter>
    <Filter Include="Classes\Training\Training_01">
      <UniqueIdentifier>{f93bd422-5010-4da8-93db-bad0d828c23a}</UniqueIdentifier>
    </Filter>
    <Filter Include="Classes\Example\Example_01 %28기초%29">
      <UniqueIdentifier>{1582424a-f9ae-4a69-920e-66b13f7501d0}</UniqueIdentifier>
    </Filter>
    <Filter Include="Classes\Example\Example_02 %28자료형%29">
      <UniqueIdentifier>{dd6171c0-af4d-48e9-a9a6-817a67bc400e}</UniqueIdentifier>
    </Filter>
    <Filter Include="Classes\Training\Training_02">
      <UniqueIdentifier>{7460c9e8-5955-4d96-85f2-519e206d7b5a}</UniqueIdentifier>
    </Filter>
    <Filter Include="Classes\Example\Example_03 %28데이터 표현 방법%29">
      <UniqueIdentifier>{4d5ef10e-8b07-4a05-92c7-a3814cf1eec2}</UniqueIdentifier>
    </Filter>
    <Filter Include="Classes\Example\Example_04 %28연산자%29">
      <UniqueIdentifier>{5078d518-035d-4c74-9bef-1e22ca28e9c1}</UniqueIdentifier>
    </Filter>
    <Filter Include="Classes\Example\Example_05 %28조건문%29">
      <UniqueIdentifier>{3caf4b2c-8372-40c3-b218-a7b6b82eb7c1}</UniqueIdentifier>
    </Filter>
    <Filter Include="Classes\Example\Example_06 %28반복문 - 1%29">
      <UniqueIdentifier>{94b664de-2b98-4934-9811-e7ac37da2ecf}</UniqueIdentifier>
    </Filter>
  </ItemGroup>
  <ItemGroup>
    <ClInclude Include="Classes\Global\Define\KDefine+Global.h">
      <Filter>Classes\Global\Define</Filter>
    </ClInclude>
    <ClInclude Include="Classes\Example\Example_01\E01Example_01.h">
      <Filter>Classes\Example\Example_01 %28기초%29</Filter>
    </ClInclude>
    <ClInclude Include="Classes\Training\Training_01\T01Training_01.h">
      <Filter>Classes\Training\Training_01</Filter>
    </ClInclude>
    <ClInclude Include="Classes\Example\Example_02\E01Example_02.h">
      <Filter>Classes\Example\Example_02 %28자료형%29</Filter>
    </ClInclude>
    <ClInclude Include="Classes\Training\Training_02\T01Training_02.h">
      <Filter>Classes\Training\Training_02</Filter>
    </ClInclude>
    <ClInclude Include="Classes\Example\Example_03\E01Example_03.h">
      <Filter>Classes\Example\Example_03 %28데이터 표현 방법%29</Filter>
    </ClInclude>
    <ClInclude Include="Classes\Example\Example_04\E01Example_04.h">
      <Filter>Classes\Example\Example_04 %28연산자%29</Filter>
    </ClInclude>
    <ClInclude Include="Classes\Example\Example_05\E01Example_05.h">
      <Filter>Classes\Example\Example_05 %28조건문%29</Filter>
    </ClInclude>
    <ClInclude Include="Classes\Example\Example_06\E01Example_06.h">
      <Filter>Classes\Example\Example_06 %28반복문 - 1%29</Filter>
    </ClInclude>
  </ItemGroup>
</Project>